
Microsoft Visual Studio Solution File, Format Version 12.00
# Visual Studio Version 16
VisualStudioVersion = 16.0.31321.278
MinimumVisualStudioVersion = 10.0.40219.1
Project("{FAE04EC0-301F-11D3-BF4B-00C04F79EFBC}") = "ExStringBuilder", "ExStringBuilder\ExStringBuilder.csproj", "{D86B1262-D8DD-4FB3-BA1E-E6E1B957A4BF}"
EndProject
Global
	GlobalSection(SolutionConfigurationPlatforms) = preSolution
		Debug|Any CPU = Debug|Any CPU
		Release|Any CPU = Release|Any CPU
	EndGlobalSection
	GlobalSection(ProjectConfigurationPlatforms) = postSolution
		{D86B1262-D8DD-4FB3-BA1E-E6E1B957A4BF}.Debug|Any CPU.ActiveCfg = Debug|Any CPU
		{D86B1262-D8DD-4FB3-BA1E-E6E1B957A4BF}.Debug|Any CPU.Build.0 = Debug|Any CPU
		{D86B1262-D8DD-4FB3-BA1E-E6E1B957A4BF}.Release|Any CPU.ActiveCfg = Release|Any CPU
		{D86B1262-D8DD-4FB3-BA1E-E6E1B957A4BF}.Release|Any CPU.Build.0 = Release|Any CPU
	EndGlobalSection
	GlobalSection(SolutionProperties) = preSolution
		HideSolutionNode = FALSE
	EndGlobalSection
	GlobalSection(ExtensibilityGlobals) = postSolution
		SolutionGuid = {B0F1B5EE-4452-4CDC-BC80-A388C7A7EEA4}
	EndGlobalSection
EndGlobal
